
Microsoft Visual Studio Solution File, Format Version 12.00
# Visual Studio 15
VisualStudioVersion = 15.0.27703.2035
MinimumVisualStudioVersion = 10.0.40219.1
Project("{FAE04EC0-301F-11D3-BF4B-00C04F79EFBC}") = "Interview", "Interview.csproj", "{28B66C54-4067-46BF-968A-A3CE51AC0760}"
EndProject
Global
	GlobalSection(SolutionConfigurationPlatforms) = preSolution
		Debug|Any CPU = Debug|Any CPU
		Release|Any CPU = Release|Any CPU
	EndGlobalSection
	GlobalSection(ProjectConfigurationPlatforms) = postSolution
		{28B66C54-4067-46BF-968A-A3CE51AC0760}.Debug|Any CPU.ActiveCfg = Debug|Any CPU
		{28B66C54-4067-46BF-968A-A3CE51AC0760}.Debug|Any CPU.Build.0 = Debug|Any CPU
		{28B66C54-4067-46BF-968A-A3CE51AC0760}.Release|Any CPU.ActiveCfg = Release|Any CPU
		{28B66C54-4067-46BF-968A-A3CE51AC0760}.Release|Any CPU.Build.0 = Release|Any CPU
	EndGlobalSection
	GlobalSection(SolutionProperties) = preSolution
		HideSolutionNode = FALSE
	EndGlobalSection
	GlobalSection(ExtensibilityGlobals) = postSolution
		SolutionGuid = {B24A07FE-E926-4452-9046-2A8938CEEB27}
	EndGlobalSection
EndGlobal
